// !$*UTF8*$!
{
	archiveVersion = 1;
	classes = {
	};
	objectVersion = 50;
	objects = {

/* Begin PBXBuildFile section */
		8572E6362676A69F008706EB /* Movie.swift in Sources */ = {isa = PBXBuildFile; fileRef = 8572E6352676A69F008706EB /* Movie.swift */; };
		8572E6382676A6D6008706EB /* PaginatedResponse.swift in Sources */ = {isa = PBXBuildFile; fileRef = 8572E6372676A6D6008706EB /* PaginatedResponse.swift */; };
		8572E63B2676AC3A008706EB /* APIService.swift in Sources */ = {isa = PBXBuildFile; fileRef = 8572E63A2676AC3A008706EB /* APIService.swift */; };
		8572E63E2676B49F008706EB /* APIError.swift in Sources */ = {isa = PBXBuildFile; fileRef = 8572E63D2676B49F008706EB /* APIError.swift */; };
		8572E6412676E5C3008706EB /* ResultState.swift in Sources */ = {isa = PBXBuildFile; fileRef = 8572E6402676E5C3008706EB /* ResultState.swift */; };
		8572E6442676E755008706EB /* MoviesViewModel.swift in Sources */ = {isa = PBXBuildFile; fileRef = 8572E6432676E755008706EB /* MoviesViewModel.swift */; };
		85BCAC7426769BAA00DCBBA6 /* PopMoviesApp.swift in Sources */ = {isa = PBXBuildFile; fileRef = 85BCAC7326769BAA00DCBBA6 /* PopMoviesApp.swift */; };
		85BCAC7826769BAC00DCBBA6 /* Assets.xcassets in Resources */ = {isa = PBXBuildFile; fileRef = 85BCAC7726769BAC00DCBBA6 /* Assets.xcassets */; };
		85BCAC7B26769BAC00DCBBA6 /* Preview Assets.xcassets in Resources */ = {isa = PBXBuildFile; fileRef = 85BCAC7A26769BAC00DCBBA6 /* Preview Assets.xcassets */; };
		85BCAC8426769FEA00DCBBA6 /* HomeView.swift in Sources */ = {isa = PBXBuildFile; fileRef = 85BCAC8326769FEA00DCBBA6 /* HomeView.swift */; };
/* End PBXBuildFile section */

/* Begin PBXFileReference section */
		8572E6352676A69F008706EB /* Movie.swift */ = {isa = PBXFileReference; lastKnownFileType = sourcecode.swift; path = Movie.swift; sourceTree = "<group>"; };
		8572E6372676A6D6008706EB /* PaginatedResponse.swift */ = {isa = PBXFileReference; lastKnownFileType = sourcecode.swift; path = PaginatedResponse.swift; sourceTree = "<group>"; };
		8572E63A2676AC3A008706EB /* APIService.swift */ = {isa = PBXFileReference; lastKnownFileType = sourcecode.swift; path = APIService.swift; sourceTree = "<group>"; };
		8572E63D2676B49F008706EB /* APIError.swift */ = {isa = PBXFileReference; lastKnownFileType = sourcecode.swift; path = APIError.swift; sourceTree = "<group>"; };
		8572E6402676E5C3008706EB /* ResultState.swift */ = {isa = PBXFileReference; lastKnownFileType = sourcecode.swift; path = ResultState.swift; sourceTree = "<group>"; };
		8572E6432676E755008706EB /* MoviesViewModel.swift */ = {isa = PBXFileReference; lastKnownFileType = sourcecode.swift; path = MoviesViewModel.swift; sourceTree = "<group>"; };
		85BCAC7026769BAA00DCBBA6 /* PopMovies.app */ = {isa = PBXFileReference; explicitFileType = wrapper.application; includeInIndex = 0; path = PopMovies.app; sourceTree = BUILT_PRODUCTS_DIR; };
		85BCAC7326769BAA00DCBBA6 /* PopMoviesApp.swift */ = {isa = PBXFileReference; lastKnownFileType = sourcecode.swift; path = PopMoviesApp.swift; sourceTree = "<group>"; };
		85BCAC7726769BAC00DCBBA6 /* Assets.xcassets */ = {isa = PBXFileReference; lastKnownFileType = folder.assetcatalog; path = Assets.xcassets; sourceTree = "<group>"; };
		85BCAC7A26769BAC00DCBBA6 /* Preview Assets.xcassets */ = {isa = PBXFileReference; lastKnownFileType = folder.assetcatalog; path = "Preview Assets.xcassets"; sourceTree = "<group>"; };
		85BCAC7C26769BAC00DCBBA6 /* Info.plist */ = {isa = PBXFileReference; lastKnownFileType = text.plist.xml; path = Info.plist; sourceTree = "<group>"; };
		85BCAC8326769FEA00DCBBA6 /* HomeView.swift */ = {isa = PBXFileReference; lastKnownFileType = sourcecode.swift; path = HomeView.swift; sourceTree = "<group>"; };
/* End PBXFileReference section */

/* Begin PBXFrameworksBuildPhase section */
		85BCAC6D26769BAA00DCBBA6 /* Frameworks */ = {
			isa = PBXFrameworksBuildPhase;
			buildActionMask = 2147483647;
			files = (
			);
			runOnlyForDeploymentPostprocessing = 0;
		};
/* End PBXFrameworksBuildPhase section */

/* Begin PBXGroup section */
		8572E6342676A64C008706EB /* Models */ = {
			isa = PBXGroup;
			children = (
				8572E6352676A69F008706EB /* Movie.swift */,
				8572E6372676A6D6008706EB /* PaginatedResponse.swift */,
			);
			path = Models;
			sourceTree = "<group>";
		};
		8572E6392676AC1D008706EB /* API */ = {
			isa = PBXGroup;
			children = (
				8572E63A2676AC3A008706EB /* APIService.swift */,
				8572E63D2676B49F008706EB /* APIError.swift */,
			);
			path = API;
			sourceTree = "<group>";
		};
		8572E63F2676E5A4008706EB /* States */ = {
			isa = PBXGroup;
			children = (
				8572E6402676E5C3008706EB /* ResultState.swift */,
			);
			path = States;
			sourceTree = "<group>";
		};
		8572E6422676E72A008706EB /* ViewModel */ = {
			isa = PBXGroup;
			children = (
				8572E6432676E755008706EB /* MoviesViewModel.swift */,
			);
			path = ViewModel;
			sourceTree = "<group>";
		};
		85BCAC6726769BAA00DCBBA6 = {
			isa = PBXGroup;
			children = (
				85BCAC7226769BAA00DCBBA6 /* PopMovies */,
				85BCAC7126769BAA00DCBBA6 /* Products */,
			);
			sourceTree = "<group>";
		};
		85BCAC7126769BAA00DCBBA6 /* Products */ = {
			isa = PBXGroup;
			children = (
				85BCAC7026769BAA00DCBBA6 /* PopMovies.app */,
			);
			name = Products;
			sourceTree = "<group>";
		};
		85BCAC7226769BAA00DCBBA6 /* PopMovies */ = {
			isa = PBXGroup;
			children = (
				8572E6392676AC1D008706EB /* API */,
				8572E6342676A64C008706EB /* Models */,
				8572E63F2676E5A4008706EB /* States */,
				8572E6422676E72A008706EB /* ViewModel */,
				85BCAC8226769F4100DCBBA6 /* Views */,
				85BCAC7326769BAA00DCBBA6 /* PopMoviesApp.swift */,
				85BCAC7726769BAC00DCBBA6 /* Assets.xcassets */,
				85BCAC7C26769BAC00DCBBA6 /* Info.plist */,
				85BCAC7926769BAC00DCBBA6 /* Preview Content */,
			);
			path = PopMovies;
			sourceTree = "<group>";
		};
		85BCAC7926769BAC00DCBBA6 /* Preview Content */ = {
			isa = PBXGroup;
			children = (
				85BCAC7A26769BAC00DCBBA6 /* Preview Assets.xcassets */,
			);
			path = "Preview Content";
			sourceTree = "<group>";
		};
		85BCAC8226769F4100DCBBA6 /* Views */ = {
			isa = PBXGroup;
			children = (
				85BCAC8326769FEA00DCBBA6 /* HomeView.swift */,
			);
			path = Views;
			sourceTree = "<group>";
		};
/* End PBXGroup section */

/* Begin PBXNativeTarget section */
		85BCAC6F26769BAA00DCBBA6 /* PopMovies */ = {
			isa = PBXNativeTarget;
			buildConfigurationList = 85BCAC7F26769BAC00DCBBA6 /* Build configuration list for PBXNativeTarget "PopMovies" */;
			buildPhases = (
				85BCAC6C26769BAA00DCBBA6 /* Sources */,
				85BCAC6D26769BAA00DCBBA6 /* Frameworks */,
				85BCAC6E26769BAA00DCBBA6 /* Resources */,
			);
			buildRules = (
			);
			dependencies = (
			);
			name = PopMovies;
			productName = PopMovies;
			productReference = 85BCAC7026769BAA00DCBBA6 /* PopMovies.app */;
			productType = "com.apple.product-type.application";
		};
/* End PBXNativeTarget section */

/* Begin PBXProject section */
		85BCAC6826769BAA00DCBBA6 /* Project object */ = {
			isa = PBXProject;
			attributes = {
				LastSwiftUpdateCheck = 1250;
				LastUpgradeCheck = 1250;
				TargetAttributes = {
					85BCAC6F26769BAA00DCBBA6 = {
						CreatedOnToolsVersion = 12.5;
					};
				};
			};
			buildConfigurationList = 85BCAC6B26769BAA00DCBBA6 /* Build configuration list for PBXProject "PopMovies" */;
			compatibilityVersion = "Xcode 9.3";
			developmentRegion = en;
			hasScannedForEncodings = 0;
			knownRegions = (
				en,
				Base,
			);
			mainGroup = 85BCAC6726769BAA00DCBBA6;
			productRefGroup = 85BCAC7126769BAA00DCBBA6 /* Products */;
			projectDirPath = "";
			projectRoot = "";
			targets = (
				85BCAC6F26769BAA00DCBBA6 /* PopMovies */,
			);
		};
/* End PBXProject section */

/* Begin PBXResourcesBuildPhase section */
		85BCAC6E26769BAA00DCBBA6 /* Resources */ = {
			isa = PBXResourcesBuildPhase;
			buildActionMask = 2147483647;
			files = (
				85BCAC7B26769BAC00DCBBA6 /* Preview Assets.xcassets in Resources */,
				85BCAC7826769BAC00DCBBA6 /* Assets.xcassets in Resources */,
			);
			runOnlyForDeploymentPostprocessing = 0;
		};
/* End PBXResourcesBuildPhase section */

/* Begin PBXSourcesBuildPhase section */
		85BCAC6C26769BAA00DCBBA6 /* Sources */ = {
			isa = PBXSourcesBuildPhase;
			buildActionMask = 2147483647;
			files = (
				8572E6412676E5C3008706EB /* ResultState.swift in Sources */,
				85BCAC8426769FEA00DCBBA6 /* HomeView.swift in Sources */,
				8572E63B2676AC3A008706EB /* APIService.swift in Sources */,
				85BCAC7426769BAA00DCBBA6 /* PopMoviesApp.swift in Sources */,
				8572E6382676A6D6008706EB /* PaginatedResponse.swift in Sources */,
				8572E6362676A69F008706EB /* Movie.swift in Sources */,
				8572E63E2676B49F008706EB /* APIError.swift in Sources */,
				8572E6442676E755008706EB /* MoviesViewModel.swift in Sources */,
			);
			runOnlyForDeploymentPostprocessing = 0;
		};
/* End PBXSourcesBuildPhase section */

/* Begin XCBuildConfiguration section */
		85BCAC7D26769BAC00DCBBA6 /* Debug */ = {
			isa = XCBuildConfiguration;
			buildSettings = {
				ALWAYS_SEARCH_USER_PATHS = NO;
				CLANG_ANALYZER_NONNULL = YES;
				CLANG_ANALYZER_NUMBER_OBJECT_CONVERSION = YES_AGGRESSIVE;
				CLANG_CXX_LANGUAGE_STANDARD = "gnu++14";
				CLANG_CXX_LIBRARY = "libc++";
				CLANG_ENABLE_MODULES = YES;
				CLANG_ENABLE_OBJC_ARC = YES;
				CLANG_ENABLE_OBJC_WEAK = YES;
				CLANG_WARN_BLOCK_CAPTURE_AUTORELEASING = YES;
				CLANG_WARN_BOOL_CONVERSION = YES;
				CLANG_WARN_COMMA = YES;
				CLANG_WARN_CONSTANT_CONVERSION = YES;
				CLANG_WARN_DEPRECATED_OBJC_IMPLEMENTATIONS = YES;
				CLANG_WARN_DIRECT_OBJC_ISA_USAGE = YES_ERROR;
				CLANG_WARN_DOCUMENTATION_COMMENTS = YES;
				CLANG_WARN_EMPTY_BODY = YES;
				CLANG_WARN_ENUM_CONVERSION = YES;
				CLANG_WARN_INFINITE_RECURSION = YES;
				CLANG_WARN_INT_CONVERSION = YES;
				CLANG_WARN_NON_LITERAL_NULL_CONVERSION = YES;
				CLANG_WARN_OBJC_IMPLICIT_RETAIN_SELF = YES;
				CLANG_WARN_OBJC_LITERAL_CONVERSION = YES;
				CLANG_WARN_OBJC_ROOT_CLASS = YES_ERROR;
				CLANG_WARN_QUOTED_INCLUDE_IN_FRAMEWORK_HEADER = YES;
				CLANG_WARN_RANGE_LOOP_ANALYSIS = YES;
				CLANG_WARN_STRICT_PROTOTYPES = YES;
				CLANG_WARN_SUSPICIOUS_MOVE = YES;
				CLANG_WARN_UNGUARDED_AVAILABILITY = YES_AGGRESSIVE;
				CLANG_WARN_UNREACHABLE_CODE = YES;
				CLANG_WARN__DUPLICATE_METHOD_MATCH = YES;
				COPY_PHASE_STRIP = NO;
				DEBUG_INFORMATION_FORMAT = dwarf;
				ENABLE_STRICT_OBJC_MSGSEND = YES;
				ENABLE_TESTABILITY = YES;
				GCC_C_LANGUAGE_STANDARD = gnu11;
				GCC_DYNAMIC_NO_PIC = NO;
				GCC_NO_COMMON_BLOCKS = YES;
				GCC_OPTIMIZATION_LEVEL = 0;
				GCC_PREPROCESSOR_DEFINITIONS = (
					"DEBUG=1",
					"$(inherited)",
				);
				GCC_WARN_64_TO_32_BIT_CONVERSION = YES;
				GCC_WARN_ABOUT_RETURN_TYPE = YES_ERROR;
				GCC_WARN_UNDECLARED_SELECTOR = YES;
				GCC_WARN_UNINITIALIZED_AUTOS = YES_AGGRESSIVE;
				GCC_WARN_UNUSED_FUNCTION = YES;
				GCC_WARN_UNUSED_VARIABLE = YES;
				IPHONEOS_DEPLOYMENT_TARGET = 14.5;
				MTL_ENABLE_DEBUG_INFO = INCLUDE_SOURCE;
				MTL_FAST_MATH = YES;
				ONLY_ACTIVE_ARCH = YES;
				SDKROOT = iphoneos;
				SWIFT_ACTIVE_COMPILATION_CONDITIONS = DEBUG;
				SWIFT_OPTIMIZATION_LEVEL = "-Onone";
			};
			name = Debug;
		};
		85BCAC7E26769BAC00DCBBA6 /* Release */ = {
			isa = XCBuildConfiguration;
			buildSettings = {
				ALWAYS_SEARCH_USER_PATHS = NO;
				CLANG_ANALYZER_NONNULL = YES;
				CLANG_ANALYZER_NUMBER_OBJECT_CONVERSION = YES_AGGRESSIVE;
				CLANG_CXX_LANGUAGE_STANDARD = "gnu++14";
				CLANG_CXX_LIBRARY = "libc++";
				CLANG_ENABLE_MODULES = YES;
				CLANG_ENABLE_OBJC_ARC = YES;
				CLANG_ENABLE_OBJC_WEAK = YES;
				CLANG_WARN_BLOCK_CAPTURE_AUTORELEASING = YES;
				CLANG_WARN_BOOL_CONVERSION = YES;
				CLANG_WARN_COMMA = YES;
				CLANG_WARN_CONSTANT_CONVERSION = YES;
				CLANG_WARN_DEPRECATED_OBJC_IMPLEMENTATIONS = YES;
				CLANG_WARN_DIRECT_OBJC_ISA_USAGE = YES_ERROR;
				CLANG_WARN_DOCUMENTATION_COMMENTS = YES;
				CLANG_WARN_EMPTY_BODY = YES;
				CLANG_WARN_ENUM_CONVERSION = YES;
				CLANG_WARN_INFINITE_RECURSION = YES;
				CLANG_WARN_INT_CONVERSION = YES;
				CLANG_WARN_NON_LITERAL_NULL_CONVERSION = YES;
				CLANG_WARN_OBJC_IMPLICIT_RETAIN_SELF = YES;
				CLANG_WARN_OBJC_LITERAL_CONVERSION = YES;
				CLANG_WARN_OBJC_ROOT_CLASS = YES_ERROR;
				CLANG_WARN_QUOTED_INCLUDE_IN_FRAMEWORK_HEADER = YES;
				CLANG_WARN_RANGE_LOOP_ANALYSIS = YES;
				CLANG_WARN_STRICT_PROTOTYPES = YES;
				CLANG_WARN_SUSPICIOUS_MOVE = YES;
				CLANG_WARN_UNGUARDED_AVAILABILITY = YES_AGGRESSIVE;
				CLANG_WARN_UNREACHABLE_CODE = YES;
				CLANG_WARN__DUPLICATE_METHOD_MATCH = YES;
				COPY_PHASE_STRIP = NO;
				DEBUG_INFORMATION_FORMAT = "dwarf-with-dsym";
				ENABLE_NS_ASSERTIONS = NO;
				ENABLE_STRICT_OBJC_MSGSEND = YES;
				GCC_C_LANGUAGE_STANDARD = gnu11;
				GCC_NO_COMMON_BLOCKS = YES;
				GCC_WARN_64_TO_32_BIT_CONVERSION = YES;
				GCC_WARN_ABOUT_RETURN_TYPE = YES_ERROR;
				GCC_WARN_UNDECLARED_SELECTOR = YES;
				GCC_WARN_UNINITIALIZED_AUTOS = YES_AGGRESSIVE;
				GCC_WARN_UNUSED_FUNCTION = YES;
				GCC_WARN_UNUSED_VARIABLE = YES;
				IPHONEOS_DEPLOYMENT_TARGET = 14.5;
				MTL_ENABLE_DEBUG_INFO = NO;
				MTL_FAST_MATH = YES;
				SDKROOT = iphoneos;
				SWIFT_COMPILATION_MODE = wholemodule;
				SWIFT_OPTIMIZATION_LEVEL = "-O";
				VALIDATE_PRODUCT = YES;
			};
			name = Release;
		};
		85BCAC8026769BAC00DCBBA6 /* Debug */ = {
			isa = XCBuildConfiguration;
			buildSettings = {
				ASSETCATALOG_COMPILER_APPICON_NAME = AppIcon;
				ASSETCATALOG_COMPILER_GLOBAL_ACCENT_COLOR_NAME = AccentColor;
				CODE_SIGN_STYLE = Automatic;
				DEVELOPMENT_ASSET_PATHS = "\"PopMovies/Preview Content\"";
				DEVELOPMENT_TEAM = WP56WUJ8ED;
				ENABLE_PREVIEWS = YES;
				INFOPLIST_FILE = PopMovies/Info.plist;
				IPHONEOS_DEPLOYMENT_TARGET = 14.0;
				LD_RUNPATH_SEARCH_PATHS = (
					"$(inherited)",
					"@executable_path/Frameworks",
				);
				PRODUCT_BUNDLE_IDENTIFIER = com.imavca.PopMovies;
				PRODUCT_NAME = "$(TARGET_NAME)";
				SWIFT_VERSION = 5.0;
				TARGETED_DEVICE_FAMILY = "1,2";
			};
			name = Debug;
		};
		85BCAC8126769BAC00DCBBA6 /* Release */ = {
			isa = XCBuildConfiguration;
			buildSettings = {
				ASSETCATALOG_COMPILER_APPICON_NAME = AppIcon;
				ASSETCATALOG_COMPILER_GLOBAL_ACCENT_COLOR_NAME = AccentColor;
				CODE_SIGN_STYLE = Automatic;
				DEVELOPMENT_ASSET_PATHS = "\"PopMovies/Preview Content\"";
				DEVELOPMENT_TEAM = WP56WUJ8ED;
				ENABLE_PREVIEWS = YES;
				INFOPLIST_FILE = PopMovies/Info.plist;
				IPHONEOS_DEPLOYMENT_TARGET = 14.0;
				LD_RUNPATH_SEARCH_PATHS = (
					"$(inherited)",
					"@executable_path/Frameworks",
				);
				PRODUCT_BUNDLE_IDENTIFIER = com.imavca.PopMovies;
				PRODUCT_NAME = "$(TARGET_NAME)";
				SWIFT_VERSION = 5.0;
				TARGETED_DEVICE_FAMILY = "1,2";
			};
			name = Release;
		};
/* End XCBuildConfiguration section */

/* Begin XCConfigurationList section */
		85BCAC6B26769BAA00DCBBA6 /* Build configuration list for PBXProject "PopMovies" */ = {
			isa = XCConfigurationList;
			buildConfigurations = (
				85BCAC7D26769BAC00DCBBA6 /* Debug */,
				85BCAC7E26769BAC00DCBBA6 /* Release */,
			);
			defaultConfigurationIsVisible = 0;
			defaultConfigurationName = Release;
		};
		85BCAC7F26769BAC00DCBBA6 /* Build configuration list for PBXNativeTarget "PopMovies" */ = {
			isa = XCConfigurationList;
			buildConfigurations = (
				85BCAC8026769BAC00DCBBA6 /* Debug */,
				85BCAC8126769BAC00DCBBA6 /* Release */,
			);
			defaultConfigurationIsVisible = 0;
			defaultConfigurationName = Release;
		};
/* End XCConfigurationList section */
	};
	rootObject = 85BCAC6826769BAA00DCBBA6 /* Project object */;
}
